
Microsoft Visual Studio Solution File, Format Version 12.00
# Visual Studio 15
VisualStudioVersion = 15.0.27130.2010
MinimumVisualStudioVersion = 10.0.40219.1
Project("{FAE04EC0-301F-11D3-BF4B-00C04F79EFBC}") = "IKoshelev.ProjectFocuser", "IKoshelev.ProjectFocuser\IKoshelev.ProjectFocuser.csproj", "{6CB351C6-5B93-4DFE-A1DF-5DF67916FD38}"
EndProject
Global
	GlobalSection(SolutionConfigurationPlatforms) = preSolution
		Debug|Any CPU = Debug|Any CPU
		Release|Any CPU = Release|Any CPU
	EndGlobalSection
	GlobalSection(ProjectConfigurationPlatforms) = postSolution
		{6CB351C6-5B93-4DFE-A1DF-5DF67916FD38}.Debug|Any CPU.ActiveCfg = Debug|Any CPU
		{6CB351C6-5B93-4DFE-A1DF-5DF67916FD38}.Debug|Any CPU.Build.0 = Debug|Any CPU
		{6CB351C6-5B93-4DFE-A1DF-5DF67916FD38}.Release|Any CPU.ActiveCfg = Release|Any CPU
		{6CB351C6-5B93-4DFE-A1DF-5DF67916FD38}.Release|Any CPU.Build.0 = Release|Any CPU
	EndGlobalSection
	GlobalSection(SolutionProperties) = preSolution
		HideSolutionNode = FALSE
	EndGlobalSection
	GlobalSection(ExtensibilityGlobals) = postSolution
		SolutionGuid = {9E93081D-F32E-4379-8CDD-34BB385A70A6}
	EndGlobalSection
EndGlobal
